// !$*UTF8*$!
{
	archiveVersion = 1;
	classes = {
	};
	objectVersion = 48;
	objects = {

/* Begin PBXBuildFile section */
		8116A3501FAB804300592B5F /* AppDelegate.swift in Sources */ = {isa = PBXBuildFile; fileRef = 8116A34F1FAB804300592B5F /* AppDelegate.swift */; };
		8116A3551FAB804300592B5F /* Main.storyboard in Resources */ = {isa = PBXBuildFile; fileRef = 8116A3531FAB804300592B5F /* Main.storyboard */; };
		8116A3571FAB804300592B5F /* Assets.xcassets in Resources */ = {isa = PBXBuildFile; fileRef = 8116A3561FAB804300592B5F /* Assets.xcassets */; };
		8116A35A1FAB804300592B5F /* LaunchScreen.storyboard in Resources */ = {isa = PBXBuildFile; fileRef = 8116A3581FAB804300592B5F /* LaunchScreen.storyboard */; };
		8116A3621FAB809000592B5F /* MovieViewController.swift in Sources */ = {isa = PBXBuildFile; fileRef = 8116A3611FAB809000592B5F /* MovieViewController.swift */; };
		8116A3641FAB80A100592B5F /* MovieDetailViewController.swift in Sources */ = {isa = PBXBuildFile; fileRef = 8116A3631FAB80A100592B5F /* MovieDetailViewController.swift */; };
		8116A3671FAB840900592B5F /* MovieModel.swift in Sources */ = {isa = PBXBuildFile; fileRef = 8116A3661FAB840900592B5F /* MovieModel.swift */; };
		8116A3691FABB61100592B5F /* RightMovieTableViewCell.swift in Sources */ = {isa = PBXBuildFile; fileRef = 8116A3681FABB61100592B5F /* RightMovieTableViewCell.swift */; };
		8116A36B1FABB63000592B5F /* LeftMovieTableViewCell.swift in Sources */ = {isa = PBXBuildFile; fileRef = 8116A36A1FABB63000592B5F /* LeftMovieTableViewCell.swift */; };
/* End PBXBuildFile section */

/* Begin PBXFileReference section */
		8116A34C1FAB804300592B5F /* Multible VC- MovieProject.app */ = {isa = PBXFileReference; explicitFileType = wrapper.application; includeInIndex = 0; path = "Multible VC- MovieProject.app"; sourceTree = BUILT_PRODUCTS_DIR; };
		8116A34F1FAB804300592B5F /* AppDelegate.swift */ = {isa = PBXFileReference; lastKnownFileType = sourcecode.swift; path = AppDelegate.swift; sourceTree = "<group>"; };
		8116A3541FAB804300592B5F /* Base */ = {isa = PBXFileReference; lastKnownFileType = file.storyboard; name = Base; path = Base.lproj/Main.storyboard; sourceTree = "<group>"; };
		8116A3561FAB804300592B5F /* Assets.xcassets */ = {isa = PBXFileReference; lastKnownFileType = folder.assetcatalog; path = Assets.xcassets; sourceTree = "<group>"; };
		8116A3591FAB804300592B5F /* Base */ = {isa = PBXFileReference; lastKnownFileType = file.storyboard; name = Base; path = Base.lproj/LaunchScreen.storyboard; sourceTree = "<group>"; };
		8116A35B1FAB804300592B5F /* Info.plist */ = {isa = PBXFileReference; lastKnownFileType = text.plist.xml; path = Info.plist; sourceTree = "<group>"; };
		8116A3611FAB809000592B5F /* MovieViewController.swift */ = {isa = PBXFileReference; lastKnownFileType = sourcecode.swift; path = MovieViewController.swift; sourceTree = "<group>"; };
		8116A3631FAB80A100592B5F /* MovieDetailViewController.swift */ = {isa = PBXFileReference; lastKnownFileType = sourcecode.swift; path = MovieDetailViewController.swift; sourceTree = "<group>"; };
		8116A3661FAB840900592B5F /* MovieModel.swift */ = {isa = PBXFileReference; lastKnownFileType = sourcecode.swift; path = MovieModel.swift; sourceTree = "<group>"; };
		8116A3681FABB61100592B5F /* RightMovieTableViewCell.swift */ = {isa = PBXFileReference; lastKnownFileType = sourcecode.swift; path = RightMovieTableViewCell.swift; sourceTree = "<group>"; };
		8116A36A1FABB63000592B5F /* LeftMovieTableViewCell.swift */ = {isa = PBXFileReference; lastKnownFileType = sourcecode.swift; path = LeftMovieTableViewCell.swift; sourceTree = "<group>"; };
/* End PBXFileReference section */

/* Begin PBXFrameworksBuildPhase section */
		8116A3491FAB804300592B5F /* Frameworks */ = {
			isa = PBXFrameworksBuildPhase;
			buildActionMask = 2147483647;
			files = (
			);
			runOnlyForDeploymentPostprocessing = 0;
		};
/* End PBXFrameworksBuildPhase section */

/* Begin PBXGroup section */
		8116A3431FAB804300592B5F = {
			isa = PBXGroup;
			children = (
				8116A34E1FAB804300592B5F /* Multible VC- MovieProject */,
				8116A34D1FAB804300592B5F /* Products */,
			);
			sourceTree = "<group>";
		};
		8116A34D1FAB804300592B5F /* Products */ = {
			isa = PBXGroup;
			children = (
				8116A34C1FAB804300592B5F /* Multible VC- MovieProject.app */,
			);
			name = Products;
			sourceTree = "<group>";
		};
		8116A34E1FAB804300592B5F /* Multible VC- MovieProject */ = {
			isa = PBXGroup;
			children = (
				8116A34F1FAB804300592B5F /* AppDelegate.swift */,
				8116A3531FAB804300592B5F /* Main.storyboard */,
				8116A3681FABB61100592B5F /* RightMovieTableViewCell.swift */,
				8116A36A1FABB63000592B5F /* LeftMovieTableViewCell.swift */,
				8116A3651FAB80B100592B5F /* New Group */,
				8116A3561FAB804300592B5F /* Assets.xcassets */,
				8116A3661FAB840900592B5F /* MovieModel.swift */,
				8116A35B1FAB804300592B5F /* Info.plist */,
				8116A3581FAB804300592B5F /* LaunchScreen.storyboard */,
			);
			path = "Multible VC- MovieProject";
			sourceTree = "<group>";
		};
		8116A3651FAB80B100592B5F /* New Group */ = {
			isa = PBXGroup;
			children = (
				8116A3611FAB809000592B5F /* MovieViewController.swift */,
				8116A3631FAB80A100592B5F /* MovieDetailViewController.swift */,
			);
			path = "New Group";
			sourceTree = "<group>";
		};
/* End PBXGroup section */

/* Begin PBXNativeTarget section */
		8116A34B1FAB804300592B5F /* Multible VC- MovieProject */ = {
			isa = PBXNativeTarget;
			buildConfigurationList = 8116A35E1FAB804300592B5F /* Build configuration list for PBXNativeTarget "Multible VC- MovieProject" */;
			buildPhases = (
				8116A3481FAB804300592B5F /* Sources */,
				8116A3491FAB804300592B5F /* Frameworks */,
				8116A34A1FAB804300592B5F /* Resources */,
			);
			buildRules = (
			);
			dependencies = (
			);
			name = "Multible VC- MovieProject";
			productName = "Multible VC- MovieProject";
			productReference = 8116A34C1FAB804300592B5F /* Multible VC- MovieProject.app */;
			productType = "com.apple.product-type.application";
		};
/* End PBXNativeTarget section */

/* Begin PBXProject section */
		8116A3441FAB804300592B5F /* Project object */ = {
			isa = PBXProject;
			attributes = {
				LastSwiftUpdateCheck = 0900;
				LastUpgradeCheck = 0900;
				ORGANIZATIONNAME = Quark;
				TargetAttributes = {
					8116A34B1FAB804300592B5F = {
						CreatedOnToolsVersion = 9.0.1;
						ProvisioningStyle = Automatic;
					};
				};
			};
			buildConfigurationList = 8116A3471FAB804300592B5F /* Build configuration list for PBXProject "Multible VC- MovieProject" */;
			compatibilityVersion = "Xcode 8.0";
			developmentRegion = en;
			hasScannedForEncodings = 0;
			knownRegions = (
				en,
				Base,
			);
			mainGroup = 8116A3431FAB804300592B5F;
			productRefGroup = 8116A34D1FAB804300592B5F /* Products */;
			projectDirPath = "";
			projectRoot = "";
			targets = (
				8116A34B1FAB804300592B5F /* Multible VC- MovieProject */,
			);
		};
/* End PBXProject section */

/* Begin PBXResourcesBuildPhase section */
		8116A34A1FAB804300592B5F /* Resources */ = {
			isa = PBXResourcesBuildPhase;
			buildActionMask = 2147483647;
			files = (
				8116A35A1FAB804300592B5F /* LaunchScreen.storyboard in Resources */,
				8116A3571FAB804300592B5F /* Assets.xcassets in Resources */,
				8116A3551FAB804300592B5F /* Main.storyboard in Resources */,
			);
			runOnlyForDeploymentPostprocessing = 0;
		};
/* End PBXResourcesBuildPhase section */

/* Begin PBXSourcesBuildPhase section */
		8116A3481FAB804300592B5F /* Sources */ = {
			isa = PBXSourcesBuildPhase;
			buildActionMask = 2147483647;
			files = (
				8116A3671FAB840900592B5F /* MovieModel.swift in Sources */,
				8116A3691FABB61100592B5F /* RightMovieTableViewCell.swift in Sources */,
				8116A3501FAB804300592B5F /* AppDelegate.swift in Sources */,
				8116A36B1FABB63000592B5F /* LeftMovieTableViewCell.swift in Sources */,
				8116A3641FAB80A100592B5F /* MovieDetailViewController.swift in Sources */,
				8116A3621FAB809000592B5F /* MovieViewController.swift in Sources */,
			);
			runOnlyForDeploymentPostprocessing = 0;
		};
/* End PBXSourcesBuildPhase section */

/* Begin PBXVariantGroup section */
		8116A3531FAB804300592B5F /* Main.storyboard */ = {
			isa = PBXVariantGroup;
			children = (
				8116A3541FAB804300592B5F /* Base */,
			);
			name = Main.storyboard;
			sourceTree = "<group>";
		};
		8116A3581FAB804300592B5F /* LaunchScreen.storyboard */ = {
			isa = PBXVariantGroup;
			children = (
				8116A3591FAB804300592B5F /* Base */,
			);
			name = LaunchScreen.storyboard;
			sourceTree = "<group>";
		};
/* End PBXVariantGroup section */

/* Begin XCBuildConfiguration section */
		8116A35C1FAB804300592B5F /* Debug */ = {
			isa = XCBuildConfiguration;
			buildSettings = {
				ALWAYS_SEARCH_USER_PATHS = NO;
				CLANG_ANALYZER_NONNULL = YES;
				CLANG_ANALYZER_NUMBER_OBJECT_CONVERSION = YES_AGGRESSIVE;
				CLANG_CXX_LANGUAGE_STANDARD = "gnu++14";
				CLANG_CXX_LIBRARY = "libc++";
				CLANG_ENABLE_MODULES = YES;
				CLANG_ENABLE_OBJC_ARC = YES;
				CLANG_WARN_BLOCK_CAPTURE_AUTORELEASING = YES;
				CLANG_WARN_BOOL_CONVERSION = YES;
				CLANG_WARN_COMMA = YES;
				CLANG_WARN_CONSTANT_CONVERSION = YES;
				CLANG_WARN_DIRECT_OBJC_ISA_USAGE = YES_ERROR;
				CLANG_WARN_DOCUMENTATION_COMMENTS = YES;
				CLANG_WARN_EMPTY_BODY = YES;
				CLANG_WARN_ENUM_CONVERSION = YES;
				CLANG_WARN_INFINITE_RECURSION = YES;
				CLANG_WARN_INT_CONVERSION = YES;
				CLANG_WARN_NON_LITERAL_NULL_CONVERSION = YES;
				CLANG_WARN_OBJC_LITERAL_CONVERSION = YES;
				CLANG_WARN_OBJC_ROOT_CLASS = YES_ERROR;
				CLANG_WARN_RANGE_LOOP_ANALYSIS = YES;
				CLANG_WARN_STRICT_PROTOTYPES = YES;
				CLANG_WARN_SUSPICIOUS_MOVE = YES;
				CLANG_WARN_UNGUARDED_AVAILABILITY = YES_AGGRESSIVE;
				CLANG_WARN_UNREACHABLE_CODE = YES;
				CLANG_WARN__DUPLICATE_METHOD_MATCH = YES;
				CODE_SIGN_IDENTITY = "iPhone Developer";
				COPY_PHASE_STRIP = NO;
				DEBUG_INFORMATION_FORMAT = dwarf;
				ENABLE_STRICT_OBJC_MSGSEND = YES;
				ENABLE_TESTABILITY = YES;
				GCC_C_LANGUAGE_STANDARD = gnu11;
				GCC_DYNAMIC_NO_PIC = NO;
				GCC_NO_COMMON_BLOCKS = YES;
				GCC_OPTIMIZATION_LEVEL = 0;
				GCC_PREPROCESSOR_DEFINITIONS = (
					"DEBUG=1",
					"$(inherited)",
				);
				GCC_WARN_64_TO_32_BIT_CONVERSION = YES;
				GCC_WARN_ABOUT_RETURN_TYPE = YES_ERROR;
				GCC_WARN_UNDECLARED_SELECTOR = YES;
				GCC_WARN_UNINITIALIZED_AUTOS = YES_AGGRESSIVE;
				GCC_WARN_UNUSED_FUNCTION = YES;
				GCC_WARN_UNUSED_VARIABLE = YES;
				IPHONEOS_DEPLOYMENT_TARGET = 11.0;
				MTL_ENABLE_DEBUG_INFO = YES;
				ONLY_ACTIVE_ARCH = YES;
				SDKROOT = iphoneos;
				SWIFT_ACTIVE_COMPILATION_CONDITIONS = DEBUG;
				SWIFT_OPTIMIZATION_LEVEL = "-Onone";
			};
			name = Debug;
		};
		8116A35D1FAB804300592B5F /* Release */ = {
			isa = XCBuildConfiguration;
			buildSettings = {
				ALWAYS_SEARCH_USER_PATHS = NO;
				CLANG_ANALYZER_NONNULL = YES;
				CLANG_ANALYZER_NUMBER_OBJECT_CONVERSION = YES_AGGRESSIVE;
				CLANG_CXX_LANGUAGE_STANDARD = "gnu++14";
				CLANG_CXX_LIBRARY = "libc++";
				CLANG_ENABLE_MODULES = YES;
				CLANG_ENABLE_OBJC_ARC = YES;
				CLANG_WARN_BLOCK_CAPTURE_AUTORELEASING = YES;
				CLANG_WARN_BOOL_CONVERSION = YES;
				CLANG_WARN_COMMA = YES;
				CLANG_WARN_CONSTANT_CONVERSION = YES;
				CLANG_WARN_DIRECT_OBJC_ISA_USAGE = YES_ERROR;
				CLANG_WARN_DOCUMENTATION_COMMENTS = YES;
				CLANG_WARN_EMPTY_BODY = YES;
				CLANG_WARN_ENUM_CONVERSION = YES;
				CLANG_WARN_INFINITE_RECURSION = YES;
				CLANG_WARN_INT_CONVERSION = YES;
				CLANG_WARN_NON_LITERAL_NULL_CONVERSION = YES;
				CLANG_WARN_OBJC_LITERAL_CONVERSION = YES;
				CLANG_WARN_OBJC_ROOT_CLASS = YES_ERROR;
				CLANG_WARN_RANGE_LOOP_ANALYSIS = YES;
				CLANG_WARN_STRICT_PROTOTYPES = YES;
				CLANG_WARN_SUSPICIOUS_MOVE = YES;
				CLANG_WARN_UNGUARDED_AVAILABILITY = YES_AGGRESSIVE;
				CLANG_WARN_UNREACHABLE_CODE = YES;
				CLANG_WARN__DUPLICATE_METHOD_MATCH = YES;
				CODE_SIGN_IDENTITY = "iPhone Developer";
				COPY_PHASE_STRIP = NO;
				DEBUG_INFORMATION_FORMAT = "dwarf-with-dsym";
				ENABLE_NS_ASSERTIONS = NO;
				ENABLE_STRICT_OBJC_MSGSEND = YES;
				GCC_C_LANGUAGE_STANDARD = gnu11;
				GCC_NO_COMMON_BLOCKS = YES;
				GCC_WARN_64_TO_32_BIT_CONVERSION = YES;
				GCC_WARN_ABOUT_RETURN_TYPE = YES_ERROR;
				GCC_WARN_UNDECLARED_SELECTOR = YES;
				GCC_WARN_UNINITIALIZED_AUTOS = YES_AGGRESSIVE;
				GCC_WARN_UNUSED_FUNCTION = YES;
				GCC_WARN_UNUSED_VARIABLE = YES;
				IPHONEOS_DEPLOYMENT_TARGET = 11.0;
				MTL_ENABLE_DEBUG_INFO = NO;
				SDKROOT = iphoneos;
				SWIFT_OPTIMIZATION_LEVEL = "-Owholemodule";
				VALIDATE_PRODUCT = YES;
			};
			name = Release;
		};
		8116A35F1FAB804300592B5F /* Debug */ = {
			isa = XCBuildConfiguration;
			buildSettings = {
				ASSETCATALOG_COMPILER_APPICON_NAME = AppIcon;
				CODE_SIGN_STYLE = Automatic;
				INFOPLIST_FILE = "Multible VC- MovieProject/Info.plist";
				LD_RUNPATH_SEARCH_PATHS = "$(inherited) @executable_path/Frameworks";
				PRODUCT_BUNDLE_IDENTIFIER = "X-Quark.Multible-VC--MovieProject";
				PRODUCT_NAME = "$(TARGET_NAME)";
				SWIFT_VERSION = 4.0;
				TARGETED_DEVICE_FAMILY = "1,2";
			};
			name = Debug;
		};
		8116A3601FAB804300592B5F /* Release */ = {
			isa = XCBuildConfiguration;
			buildSettings = {
				ASSETCATALOG_COMPILER_APPICON_NAME = AppIcon;
				CODE_SIGN_STYLE = Automatic;
				INFOPLIST_FILE = "Multible VC- MovieProject/Info.plist";
				LD_RUNPATH_SEARCH_PATHS = "$(inherited) @executable_path/Frameworks";
				PRODUCT_BUNDLE_IDENTIFIER = "X-Quark.Multible-VC--MovieProject";
				PRODUCT_NAME = "$(TARGET_NAME)";
				SWIFT_VERSION = 4.0;
				TARGETED_DEVICE_FAMILY = "1,2";
			};
			name = Release;
		};
/* End XCBuildConfiguration section */

/* Begin XCConfigurationList section */
		8116A3471FAB804300592B5F /* Build configuration list for PBXProject "Multible VC- MovieProject" */ = {
			isa = XCConfigurationList;
			buildConfigurations = (
				8116A35C1FAB804300592B5F /* Debug */,
				8116A35D1FAB804300592B5F /* Release */,
			);
			defaultConfigurationIsVisible = 0;
			defaultConfigurationName = Release;
		};
		8116A35E1FAB804300592B5F /* Build configuration list for PBXNativeTarget "Multible VC- MovieProject" */ = {
			isa = XCConfigurationList;
			buildConfigurations = (
				8116A35F1FAB804300592B5F /* Debug */,
				8116A3601FAB804300592B5F /* Release */,
			);
			defaultConfigurationIsVisible = 0;
			defaultConfigurationName = Release;
		};
/* End XCConfigurationList section */
	};
	rootObject = 8116A3441FAB804300592B5F /* Project object */;
}
